
Microsoft Visual Studio Solution File, Format Version 12.00
# Visual Studio Version 17
VisualStudioVersion = 17.2.32516.85
MinimumVisualStudioVersion = 10.0.40219.1
Project("{9A19103F-16F7-4668-BE54-9A1E7A4F7556}") = "lab-1", "lab-1\lab-1.csproj", "{160B137F-417C-4F71-B510-9D7A2A3CEBFB}"
EndProject
Project("{9A19103F-16F7-4668-BE54-9A1E7A4F7556}") = "lab-2", "lab-2\lab-2.csproj", "{6F15E110-F97A-4DBA-AE2A-81D725DD98A4}"
EndProject
Project("{9A19103F-16F7-4668-BE54-9A1E7A4F7556}") = "lab-3", "lab-3\lab-3.csproj", "{DF3EB326-F089-4A64-A193-ACBEF9B5F59F}"
EndProject
Project("{9A19103F-16F7-4668-BE54-9A1E7A4F7556}") = "lab-3-zadanie", "lab-3-zadanie\lab-3-zadanie.csproj", "{47D8B364-231D-4962-AD8A-A732864DA691}"
EndProject
Project("{9A19103F-16F7-4668-BE54-9A1E7A4F7556}") = "lab-4-cwiczenia", "lab-4-cwiczenia\lab-4-cwiczenia.csproj", "{129E6093-BD2C-46AC-853F-997BE8022F99}"
EndProject
Project("{9A19103F-16F7-4668-BE54-9A1E7A4F7556}") = "lab-4", "lab-4\lab-4.csproj", "{E47F0906-1758-462F-AF00-4BE75B609DF3}"
EndProject
Project("{9A19103F-16F7-4668-BE54-9A1E7A4F7556}") = "lab-5-zadania", "lab-5-zadania\lab-5-zadania.csproj", "{2FC2027A-9D29-4CB9-B3D3-D94B557AEF3B}"
EndProject
Project("{9A19103F-16F7-4668-BE54-9A1E7A4F7556}") = "lab-6", "lab-6\lab-6.csproj", "{207D8A91-40DB-46EB-A8B8-0ECF1DB6284F}"
EndProject
Project("{9A19103F-16F7-4668-BE54-9A1E7A4F7556}") = "lab-7", "lab-7\lab-7.csproj", "{3887131A-A452-49DA-9F8D-DCF89330557A}"
EndProject
Project("{9A19103F-16F7-4668-BE54-9A1E7A4F7556}") = "lab-7-zadanie", "lab-7-zadanie\lab-7-zadanie.csproj", "{A541522A-ED38-4407-8375-9DC0268F2103}"
EndProject
Project("{9A19103F-16F7-4668-BE54-9A1E7A4F7556}") = "lab-8", "lab-8\lab-8.csproj", "{C3202AA8-FBFF-4CDD-B442-95FB963476E6}"
EndProject
Project("{9A19103F-16F7-4668-BE54-9A1E7A4F7556}") = "lab-8-zadania", "lab-8-zadania\lab-8-zadania.csproj", "{66E61CDB-7A15-4239-8786-9C73BF93A156}"
EndProject
Project("{9A19103F-16F7-4668-BE54-9A1E7A4F7556}") = "lab-9", "lab-9\lab-9.csproj", "{30B6D227-4D61-445F-95E6-A88F0F6DADE0}"
EndProject
Project("{9A19103F-16F7-4668-BE54-9A1E7A4F7556}") = "lab-1-zadania", "lab-1-zadania\lab-1-zadania.csproj", "{1E1567C9-0F02-4D48-9C54-D30B4FE9D4E0}"
EndProject
Project("{FAE04EC0-301F-11D3-BF4B-00C04F79EFBC}") = "projekt", "projekt\projekt.csproj", "{5ADB3B9D-617C-4052-99C4-AE7C955A9C31}"
EndProject
Global
	GlobalSection(SolutionConfigurationPlatforms) = preSolution
		Debug|Any CPU = Debug|Any CPU
		Release|Any CPU = Release|Any CPU
	EndGlobalSection
	GlobalSection(ProjectConfigurationPlatforms) = postSolution
		{160B137F-417C-4F71-B510-9D7A2A3CEBFB}.Debug|Any CPU.ActiveCfg = Debug|Any CPU
		{160B137F-417C-4F71-B510-9D7A2A3CEBFB}.Debug|Any CPU.Build.0 = Debug|Any CPU
		{160B137F-417C-4F71-B510-9D7A2A3CEBFB}.Release|Any CPU.ActiveCfg = Release|Any CPU
		{160B137F-417C-4F71-B510-9D7A2A3CEBFB}.Release|Any CPU.Build.0 = Release|Any CPU
		{6F15E110-F97A-4DBA-AE2A-81D725DD98A4}.Debug|Any CPU.ActiveCfg = Debug|Any CPU
		{6F15E110-F97A-4DBA-AE2A-81D725DD98A4}.Debug|Any CPU.Build.0 = Debug|Any CPU
		{6F15E110-F97A-4DBA-AE2A-81D725DD98A4}.Release|Any CPU.ActiveCfg = Release|Any CPU
		{6F15E110-F97A-4DBA-AE2A-81D725DD98A4}.Release|Any CPU.Build.0 = Release|Any CPU
		{DF3EB326-F089-4A64-A193-ACBEF9B5F59F}.Debug|Any CPU.ActiveCfg = Debug|Any CPU
		{DF3EB326-F089-4A64-A193-ACBEF9B5F59F}.Debug|Any CPU.Build.0 = Debug|Any CPU
		{DF3EB326-F089-4A64-A193-ACBEF9B5F59F}.Release|Any CPU.ActiveCfg = Release|Any CPU
		{DF3EB326-F089-4A64-A193-ACBEF9B5F59F}.Release|Any CPU.Build.0 = Release|Any CPU
		{47D8B364-231D-4962-AD8A-A732864DA691}.Debug|Any CPU.ActiveCfg = Debug|Any CPU
		{47D8B364-231D-4962-AD8A-A732864DA691}.Debug|Any CPU.Build.0 = Debug|Any CPU
		{47D8B364-231D-4962-AD8A-A732864DA691}.Release|Any CPU.ActiveCfg = Release|Any CPU
		{47D8B364-231D-4962-AD8A-A732864DA691}.Release|Any CPU.Build.0 = Release|Any CPU
		{129E6093-BD2C-46AC-853F-997BE8022F99}.Debug|Any CPU.ActiveCfg = Debug|Any CPU
		{129E6093-BD2C-46AC-853F-997BE8022F99}.Debug|Any CPU.Build.0 = Debug|Any CPU
		{129E6093-BD2C-46AC-853F-997BE8022F99}.Release|Any CPU.ActiveCfg = Release|Any CPU
		{129E6093-BD2C-46AC-853F-997BE8022F99}.Release|Any CPU.Build.0 = Release|Any CPU
		{E47F0906-1758-462F-AF00-4BE75B609DF3}.Debug|Any CPU.ActiveCfg = Debug|Any CPU
		{E47F0906-1758-462F-AF00-4BE75B609DF3}.Debug|Any CPU.Build.0 = Debug|Any CPU
		{E47F0906-1758-462F-AF00-4BE75B609DF3}.Release|Any CPU.ActiveCfg = Release|Any CPU
		{E47F0906-1758-462F-AF00-4BE75B609DF3}.Release|Any CPU.Build.0 = Release|Any CPU
		{2FC2027A-9D29-4CB9-B3D3-D94B557AEF3B}.Debug|Any CPU.ActiveCfg = Debug|Any CPU
		{2FC2027A-9D29-4CB9-B3D3-D94B557AEF3B}.Debug|Any CPU.Build.0 = Debug|Any CPU
		{2FC2027A-9D29-4CB9-B3D3-D94B557AEF3B}.Release|Any CPU.ActiveCfg = Release|Any CPU
		{2FC2027A-9D29-4CB9-B3D3-D94B557AEF3B}.Release|Any CPU.Build.0 = Release|Any CPU
		{207D8A91-40DB-46EB-A8B8-0ECF1DB6284F}.Debug|Any CPU.ActiveCfg = Debug|Any CPU
		{207D8A91-40DB-46EB-A8B8-0ECF1DB6284F}.Debug|Any CPU.Build.0 = Debug|Any CPU
		{207D8A91-40DB-46EB-A8B8-0ECF1DB6284F}.Release|Any CPU.ActiveCfg = Release|Any CPU
		{207D8A91-40DB-46EB-A8B8-0ECF1DB6284F}.Release|Any CPU.Build.0 = Release|Any CPU
		{3887131A-A452-49DA-9F8D-DCF89330557A}.Debug|Any CPU.ActiveCfg = Debug|Any CPU
		{3887131A-A452-49DA-9F8D-DCF89330557A}.Debug|Any CPU.Build.0 = Debug|Any CPU
		{3887131A-A452-49DA-9F8D-DCF89330557A}.Release|Any CPU.ActiveCfg = Release|Any CPU
		{3887131A-A452-49DA-9F8D-DCF89330557A}.Release|Any CPU.Build.0 = Release|Any CPU
		{A541522A-ED38-4407-8375-9DC0268F2103}.Debug|Any CPU.ActiveCfg = Debug|Any CPU
		{A541522A-ED38-4407-8375-9DC0268F2103}.Debug|Any CPU.Build.0 = Debug|Any CPU
		{A541522A-ED38-4407-8375-9DC0268F2103}.Release|Any CPU.ActiveCfg = Release|Any CPU
		{A541522A-ED38-4407-8375-9DC0268F2103}.Release|Any CPU.Build.0 = Release|Any CPU
		{C3202AA8-FBFF-4CDD-B442-95FB963476E6}.Debug|Any CPU.ActiveCfg = Debug|Any CPU
		{C3202AA8-FBFF-4CDD-B442-95FB963476E6}.Debug|Any CPU.Build.0 = Debug|Any CPU
		{C3202AA8-FBFF-4CDD-B442-95FB963476E6}.Release|Any CPU.ActiveCfg = Release|Any CPU
		{C3202AA8-FBFF-4CDD-B442-95FB963476E6}.Release|Any CPU.Build.0 = Release|Any CPU
		{66E61CDB-7A15-4239-8786-9C73BF93A156}.Debug|Any CPU.ActiveCfg = Debug|Any CPU
		{66E61CDB-7A15-4239-8786-9C73BF93A156}.Debug|Any CPU.Build.0 = Debug|Any CPU
		{66E61CDB-7A15-4239-8786-9C73BF93A156}.Release|Any CPU.ActiveCfg = Release|Any CPU
		{66E61CDB-7A15-4239-8786-9C73BF93A156}.Release|Any CPU.Build.0 = Release|Any CPU
		{30B6D227-4D61-445F-95E6-A88F0F6DADE0}.Debug|Any CPU.ActiveCfg = Debug|Any CPU
		{30B6D227-4D61-445F-95E6-A88F0F6DADE0}.Debug|Any CPU.Build.0 = Debug|Any CPU
		{30B6D227-4D61-445F-95E6-A88F0F6DADE0}.Release|Any CPU.ActiveCfg = Release|Any CPU
		{30B6D227-4D61-445F-95E6-A88F0F6DADE0}.Release|Any CPU.Build.0 = Release|Any CPU
		{1E1567C9-0F02-4D48-9C54-D30B4FE9D4E0}.Debug|Any CPU.ActiveCfg = Debug|Any CPU
		{1E1567C9-0F02-4D48-9C54-D30B4FE9D4E0}.Debug|Any CPU.Build.0 = Debug|Any CPU
		{1E1567C9-0F02-4D48-9C54-D30B4FE9D4E0}.Release|Any CPU.ActiveCfg = Release|Any CPU
		{1E1567C9-0F02-4D48-9C54-D30B4FE9D4E0}.Release|Any CPU.Build.0 = Release|Any CPU
		{5ADB3B9D-617C-4052-99C4-AE7C955A9C31}.Debug|Any CPU.ActiveCfg = Debug|Any CPU
		{5ADB3B9D-617C-4052-99C4-AE7C955A9C31}.Debug|Any CPU.Build.0 = Debug|Any CPU
		{5ADB3B9D-617C-4052-99C4-AE7C955A9C31}.Release|Any CPU.ActiveCfg = Release|Any CPU
		{5ADB3B9D-617C-4052-99C4-AE7C955A9C31}.Release|Any CPU.Build.0 = Release|Any CPU
	EndGlobalSection
	GlobalSection(SolutionProperties) = preSolution
		HideSolutionNode = FALSE
	EndGlobalSection
	GlobalSection(ExtensibilityGlobals) = postSolution
		SolutionGuid = {6F50D602-2B6C-4AFE-A21E-5A2A8BF08CBE}
	EndGlobalSection
EndGlobal
